
Microsoft Visual Studio Solution File, Format Version 12.00
# Visual Studio Version 17
VisualStudioVersion = 17.1.32228.430
MinimumVisualStudioVersion = 10.0.40219.1
Project("{FAE04EC0-301F-11D3-BF4B-00C04F79EFBC}") = "16.12.23", "16.12.23\16.12.23.csproj", "{D62EE48A-5119-469A-8B55-CD5C4B5B1834}"
EndProject
Global
	GlobalSection(SolutionConfigurationPlatforms) = preSolution
		Debug|Any CPU = Debug|Any CPU
		Release|Any CPU = Release|Any CPU
	EndGlobalSection
	GlobalSection(ProjectConfigurationPlatforms) = postSolution
		{D62EE48A-5119-469A-8B55-CD5C4B5B1834}.Debug|Any CPU.ActiveCfg = Debug|Any CPU
		{D62EE48A-5119-469A-8B55-CD5C4B5B1834}.Debug|Any CPU.Build.0 = Debug|Any CPU
		{D62EE48A-5119-469A-8B55-CD5C4B5B1834}.Release|Any CPU.ActiveCfg = Release|Any CPU
		{D62EE48A-5119-469A-8B55-CD5C4B5B1834}.Release|Any CPU.Build.0 = Release|Any CPU
	EndGlobalSection
	GlobalSection(SolutionProperties) = preSolution
		HideSolutionNode = FALSE
	EndGlobalSection
	GlobalSection(ExtensibilityGlobals) = postSolution
		SolutionGuid = {82DFC865-227A-4E39-87CD-D12B729556B8}
	EndGlobalSection
EndGlobal
